# This file is automatically @generated by Cargo.
# It is not intended for manual editing.
version = 3

[[package]]
name = "prehnite-cli"
version = "0.18.0"
dependencies = [
 "prehnitedb",
]

[[package]]
name = "prehnited"
version = "0.18.0"
dependencies = [
 "prehnitedb",
]

[[package]]
name = "prehnitedb"
version = "0.18.0"
